
Microsoft Visual Studio Solution File, Format Version 12.00
# Visual Studio Version 16
VisualStudioVersion = 16.0.31729.503
MinimumVisualStudioVersion = 10.0.40219.1
Project("{FAE04EC0-301F-11D3-BF4B-00C04F79EFBC}") = "RecapProject1", "RecapProject1\RecapProject1.csproj", "{0B073F1E-34E3-4323-97D2-1327D18C1354}"
EndProject
Global
	GlobalSection(SolutionConfigurationPlatforms) = preSolution
		Debug|Any CPU = Debug|Any CPU
		Release|Any CPU = Release|Any CPU
	EndGlobalSection
	GlobalSection(ProjectConfigurationPlatforms) = postSolution
		{0B073F1E-34E3-4323-97D2-1327D18C1354}.Debug|Any CPU.ActiveCfg = Debug|Any CPU
		{0B073F1E-34E3-4323-97D2-1327D18C1354}.Debug|Any CPU.Build.0 = Debug|Any CPU
		{0B073F1E-34E3-4323-97D2-1327D18C1354}.Release|Any CPU.ActiveCfg = Release|Any CPU
		{0B073F1E-34E3-4323-97D2-1327D18C1354}.Release|Any CPU.Build.0 = Release|Any CPU
	EndGlobalSection
	GlobalSection(SolutionProperties) = preSolution
		HideSolutionNode = FALSE
	EndGlobalSection
	GlobalSection(ExtensibilityGlobals) = postSolution
		SolutionGuid = {802B12A1-3881-40EF-ADE5-D763E611C6E7}
	EndGlobalSection
EndGlobal
